
Microsoft Visual Studio Solution File, Format Version 12.00
# Visual Studio Version 17
VisualStudioVersion = 17.1.32421.90
MinimumVisualStudioVersion = 10.0.40219.1
Project("{FAE04EC0-301F-11D3-BF4B-00C04F79EFBC}") = "Kørselslog", "Kørselslog\Kørselslog.csproj", "{21FF350C-EFFB-49BF-95A1-3564A7032C98}"
EndProject
Global
	GlobalSection(SolutionConfigurationPlatforms) = preSolution
		Debug|Any CPU = Debug|Any CPU
		Release|Any CPU = Release|Any CPU
	EndGlobalSection
	GlobalSection(ProjectConfigurationPlatforms) = postSolution
		{21FF350C-EFFB-49BF-95A1-3564A7032C98}.Debug|Any CPU.ActiveCfg = Debug|Any CPU
		{21FF350C-EFFB-49BF-95A1-3564A7032C98}.Debug|Any CPU.Build.0 = Debug|Any CPU
		{21FF350C-EFFB-49BF-95A1-3564A7032C98}.Release|Any CPU.ActiveCfg = Release|Any CPU
		{21FF350C-EFFB-49BF-95A1-3564A7032C98}.Release|Any CPU.Build.0 = Release|Any CPU
	EndGlobalSection
	GlobalSection(SolutionProperties) = preSolution
		HideSolutionNode = FALSE
	EndGlobalSection
	GlobalSection(ExtensibilityGlobals) = postSolution
		SolutionGuid = {E68FDE47-474A-418E-9D82-4258873A9F89}
	EndGlobalSection
EndGlobal
